// !$*UTF8*$!
{
	archiveVersion = 1;
	classes = {
	};
	objectVersion = 50;
	objects = {

/* Begin PBXBuildFile section */
		BE20109B24EC990800C0A00A /* AppDelegate.swift in Sources */ = {isa = PBXBuildFile; fileRef = BE20109A24EC990800C0A00A /* AppDelegate.swift */; };
		BE20109D24EC990800C0A00A /* SceneDelegate.swift in Sources */ = {isa = PBXBuildFile; fileRef = BE20109C24EC990800C0A00A /* SceneDelegate.swift */; };
		BE20109F24EC990800C0A00A /* ViewController.swift in Sources */ = {isa = PBXBuildFile; fileRef = BE20109E24EC990800C0A00A /* ViewController.swift */; };
		BE2010A224EC990800C0A00A /* Main.storyboard in Resources */ = {isa = PBXBuildFile; fileRef = BE2010A024EC990800C0A00A /* Main.storyboard */; };
		BE2010A524EC990800C0A00A /* GastADA.xcdatamodeld in Sources */ = {isa = PBXBuildFile; fileRef = BE2010A324EC990800C0A00A /* GastADA.xcdatamodeld */; };
		BE2010A724EC990B00C0A00A /* Assets.xcassets in Resources */ = {isa = PBXBuildFile; fileRef = BE2010A624EC990B00C0A00A /* Assets.xcassets */; };
		BE2010AA24EC990B00C0A00A /* LaunchScreen.storyboard in Resources */ = {isa = PBXBuildFile; fileRef = BE2010A824EC990B00C0A00A /* LaunchScreen.storyboard */; };
		BE2010B324EDAB2D00C0A00A /* Gastos+CoreDataClass.swift in Sources */ = {isa = PBXBuildFile; fileRef = BE2010B124EDAB2D00C0A00A /* Gastos+CoreDataClass.swift */; };
		BE2010B424EDAB2D00C0A00A /* Gastos+CoreDataProperties.swift in Sources */ = {isa = PBXBuildFile; fileRef = BE2010B224EDAB2D00C0A00A /* Gastos+CoreDataProperties.swift */; };
		BE2010B624F0483D00C0A00A /* TableViewCell.swift in Sources */ = {isa = PBXBuildFile; fileRef = BE2010B524F0483D00C0A00A /* TableViewCell.swift */; };
/* End PBXBuildFile section */

/* Begin PBXFileReference section */
		BE20109724EC990800C0A00A /* GastADA.app */ = {isa = PBXFileReference; explicitFileType = wrapper.application; includeInIndex = 0; path = GastADA.app; sourceTree = BUILT_PRODUCTS_DIR; };
		BE20109A24EC990800C0A00A /* AppDelegate.swift */ = {isa = PBXFileReference; lastKnownFileType = sourcecode.swift; path = AppDelegate.swift; sourceTree = "<group>"; };
		BE20109C24EC990800C0A00A /* SceneDelegate.swift */ = {isa = PBXFileReference; lastKnownFileType = sourcecode.swift; path = SceneDelegate.swift; sourceTree = "<group>"; };
		BE20109E24EC990800C0A00A /* ViewController.swift */ = {isa = PBXFileReference; lastKnownFileType = sourcecode.swift; path = ViewController.swift; sourceTree = "<group>"; };
		BE2010A124EC990800C0A00A /* Base */ = {isa = PBXFileReference; lastKnownFileType = file.storyboard; name = Base; path = Base.lproj/Main.storyboard; sourceTree = "<group>"; };
		BE2010A424EC990800C0A00A /* GastADA.xcdatamodel */ = {isa = PBXFileReference; lastKnownFileType = wrapper.xcdatamodel; path = GastADA.xcdatamodel; sourceTree = "<group>"; };
		BE2010A624EC990B00C0A00A /* Assets.xcassets */ = {isa = PBXFileReference; lastKnownFileType = folder.assetcatalog; path = Assets.xcassets; sourceTree = "<group>"; };
		BE2010A924EC990B00C0A00A /* Base */ = {isa = PBXFileReference; lastKnownFileType = file.storyboard; name = Base; path = Base.lproj/LaunchScreen.storyboard; sourceTree = "<group>"; };
		BE2010AB24EC990B00C0A00A /* Info.plist */ = {isa = PBXFileReference; lastKnownFileType = text.plist.xml; path = Info.plist; sourceTree = "<group>"; };
		BE2010B124EDAB2D00C0A00A /* Gastos+CoreDataClass.swift */ = {isa = PBXFileReference; lastKnownFileType = sourcecode.swift; path = "Gastos+CoreDataClass.swift"; sourceTree = "<group>"; };
		BE2010B224EDAB2D00C0A00A /* Gastos+CoreDataProperties.swift */ = {isa = PBXFileReference; lastKnownFileType = sourcecode.swift; path = "Gastos+CoreDataProperties.swift"; sourceTree = "<group>"; };
		BE2010B524F0483D00C0A00A /* TableViewCell.swift */ = {isa = PBXFileReference; lastKnownFileType = sourcecode.swift; path = TableViewCell.swift; sourceTree = "<group>"; };
/* End PBXFileReference section */

/* Begin PBXFrameworksBuildPhase section */
		BE20109424EC990800C0A00A /* Frameworks */ = {
			isa = PBXFrameworksBuildPhase;
			buildActionMask = 2147483647;
			files = (
			);
			runOnlyForDeploymentPostprocessing = 0;
		};
/* End PBXFrameworksBuildPhase section */

/* Begin PBXGroup section */
		BE20108E24EC990800C0A00A = {
			isa = PBXGroup;
			children = (
				BE2010B124EDAB2D00C0A00A /* Gastos+CoreDataClass.swift */,
				BE2010B224EDAB2D00C0A00A /* Gastos+CoreDataProperties.swift */,
				BE20109924EC990800C0A00A /* GastADA */,
				BE20109824EC990800C0A00A /* Products */,
			);
			sourceTree = "<group>";
		};
		BE20109824EC990800C0A00A /* Products */ = {
			isa = PBXGroup;
			children = (
				BE20109724EC990800C0A00A /* GastADA.app */,
			);
			name = Products;
			sourceTree = "<group>";
		};
		BE20109924EC990800C0A00A /* GastADA */ = {
			isa = PBXGroup;
			children = (
				BE20109A24EC990800C0A00A /* AppDelegate.swift */,
				BE20109C24EC990800C0A00A /* SceneDelegate.swift */,
				BE20109E24EC990800C0A00A /* ViewController.swift */,
				BE2010A024EC990800C0A00A /* Main.storyboard */,
				BE2010A624EC990B00C0A00A /* Assets.xcassets */,
				BE2010A824EC990B00C0A00A /* LaunchScreen.storyboard */,
				BE2010AB24EC990B00C0A00A /* Info.plist */,
				BE2010A324EC990800C0A00A /* GastADA.xcdatamodeld */,
				BE2010B524F0483D00C0A00A /* TableViewCell.swift */,
			);
			path = GastADA;
			sourceTree = "<group>";
		};
/* End PBXGroup section */

/* Begin PBXNativeTarget section */
		BE20109624EC990800C0A00A /* GastADA */ = {
			isa = PBXNativeTarget;
			buildConfigurationList = BE2010AE24EC990B00C0A00A /* Build configuration list for PBXNativeTarget "GastADA" */;
			buildPhases = (
				BE20109324EC990800C0A00A /* Sources */,
				BE20109424EC990800C0A00A /* Frameworks */,
				BE20109524EC990800C0A00A /* Resources */,
			);
			buildRules = (
			);
			dependencies = (
			);
			name = GastADA;
			productName = GastADA;
			productReference = BE20109724EC990800C0A00A /* GastADA.app */;
			productType = "com.apple.product-type.application";
		};
/* End PBXNativeTarget section */

/* Begin PBXProject section */
		BE20108F24EC990800C0A00A /* Project object */ = {
			isa = PBXProject;
			attributes = {
				LastSwiftUpdateCheck = 1160;
				LastUpgradeCheck = 1160;
				ORGANIZATIONNAME = "José Henrique Fernandes Silva";
				TargetAttributes = {
					BE20109624EC990800C0A00A = {
						CreatedOnToolsVersion = 11.6;
					};
				};
			};
			buildConfigurationList = BE20109224EC990800C0A00A /* Build configuration list for PBXProject "GastADA" */;
			compatibilityVersion = "Xcode 9.3";
			developmentRegion = en;
			hasScannedForEncodings = 0;
			knownRegions = (
				en,
				Base,
			);
			mainGroup = BE20108E24EC990800C0A00A;
			productRefGroup = BE20109824EC990800C0A00A /* Products */;
			projectDirPath = "";
			projectRoot = "";
			targets = (
				BE20109624EC990800C0A00A /* GastADA */,
			);
		};
/* End PBXProject section */

/* Begin PBXResourcesBuildPhase section */
		BE20109524EC990800C0A00A /* Resources */ = {
			isa = PBXResourcesBuildPhase;
			buildActionMask = 2147483647;
			files = (
				BE2010AA24EC990B00C0A00A /* LaunchScreen.storyboard in Resources */,
				BE2010A724EC990B00C0A00A /* Assets.xcassets in Resources */,
				BE2010A224EC990800C0A00A /* Main.storyboard in Resources */,
			);
			runOnlyForDeploymentPostprocessing = 0;
		};
/* End PBXResourcesBuildPhase section */

/* Begin PBXSourcesBuildPhase section */
		BE20109324EC990800C0A00A /* Sources */ = {
			isa = PBXSourcesBuildPhase;
			buildActionMask = 2147483647;
			files = (
				BE20109F24EC990800C0A00A /* ViewController.swift in Sources */,
				BE2010A524EC990800C0A00A /* GastADA.xcdatamodeld in Sources */,
				BE2010B424EDAB2D00C0A00A /* Gastos+CoreDataProperties.swift in Sources */,
				BE20109B24EC990800C0A00A /* AppDelegate.swift in Sources */,
				BE20109D24EC990800C0A00A /* SceneDelegate.swift in Sources */,
				BE2010B624F0483D00C0A00A /* TableViewCell.swift in Sources */,
				BE2010B324EDAB2D00C0A00A /* Gastos+CoreDataClass.swift in Sources */,
			);
			runOnlyForDeploymentPostprocessing = 0;
		};
/* End PBXSourcesBuildPhase section */

/* Begin PBXVariantGroup section */
		BE2010A024EC990800C0A00A /* Main.storyboard */ = {
			isa = PBXVariantGroup;
			children = (
				BE2010A124EC990800C0A00A /* Base */,
			);
			name = Main.storyboard;
			sourceTree = "<group>";
		};
		BE2010A824EC990B00C0A00A /* LaunchScreen.storyboard */ = {
			isa = PBXVariantGroup;
			children = (
				BE2010A924EC990B00C0A00A /* Base */,
			);
			name = LaunchScreen.storyboard;
			sourceTree = "<group>";
		};
/* End PBXVariantGroup section */

/* Begin XCBuildConfiguration section */
		BE2010AC24EC990B00C0A00A /* Debug */ = {
			isa = XCBuildConfiguration;
			buildSettings = {
				ALWAYS_SEARCH_USER_PATHS = NO;
				CLANG_ANALYZER_NONNULL = YES;
				CLANG_ANALYZER_NUMBER_OBJECT_CONVERSION = YES_AGGRESSIVE;
				CLANG_CXX_LANGUAGE_STANDARD = "gnu++14";
				CLANG_CXX_LIBRARY = "libc++";
				CLANG_ENABLE_MODULES = YES;
				CLANG_ENABLE_OBJC_ARC = YES;
				CLANG_ENABLE_OBJC_WEAK = YES;
				CLANG_WARN_BLOCK_CAPTURE_AUTORELEASING = YES;
				CLANG_WARN_BOOL_CONVERSION = YES;
				CLANG_WARN_COMMA = YES;
				CLANG_WARN_CONSTANT_CONVERSION = YES;
				CLANG_WARN_DEPRECATED_OBJC_IMPLEMENTATIONS = YES;
				CLANG_WARN_DIRECT_OBJC_ISA_USAGE = YES_ERROR;
				CLANG_WARN_DOCUMENTATION_COMMENTS = YES;
				CLANG_WARN_EMPTY_BODY = YES;
				CLANG_WARN_ENUM_CONVERSION = YES;
				CLANG_WARN_INFINITE_RECURSION = YES;
				CLANG_WARN_INT_CONVERSION = YES;
				CLANG_WARN_NON_LITERAL_NULL_CONVERSION = YES;
				CLANG_WARN_OBJC_IMPLICIT_RETAIN_SELF = YES;
				CLANG_WARN_OBJC_LITERAL_CONVERSION = YES;
				CLANG_WARN_OBJC_ROOT_CLASS = YES_ERROR;
				CLANG_WARN_RANGE_LOOP_ANALYSIS = YES;
				CLANG_WARN_STRICT_PROTOTYPES = YES;
				CLANG_WARN_SUSPICIOUS_MOVE = YES;
				CLANG_WARN_UNGUARDED_AVAILABILITY = YES_AGGRESSIVE;
				CLANG_WARN_UNREACHABLE_CODE = YES;
				CLANG_WARN__DUPLICATE_METHOD_MATCH = YES;
				COPY_PHASE_STRIP = NO;
				DEBUG_INFORMATION_FORMAT = dwarf;
				ENABLE_STRICT_OBJC_MSGSEND = YES;
				ENABLE_TESTABILITY = YES;
				GCC_C_LANGUAGE_STANDARD = gnu11;
				GCC_DYNAMIC_NO_PIC = NO;
				GCC_NO_COMMON_BLOCKS = YES;
				GCC_OPTIMIZATION_LEVEL = 0;
				GCC_PREPROCESSOR_DEFINITIONS = (
					"DEBUG=1",
					"$(inherited)",
				);
				GCC_WARN_64_TO_32_BIT_CONVERSION = YES;
				GCC_WARN_ABOUT_RETURN_TYPE = YES_ERROR;
				GCC_WARN_UNDECLARED_SELECTOR = YES;
				GCC_WARN_UNINITIALIZED_AUTOS = YES_AGGRESSIVE;
				GCC_WARN_UNUSED_FUNCTION = YES;
				GCC_WARN_UNUSED_VARIABLE = YES;
				IPHONEOS_DEPLOYMENT_TARGET = 13.6;
				MTL_ENABLE_DEBUG_INFO = INCLUDE_SOURCE;
				MTL_FAST_MATH = YES;
				ONLY_ACTIVE_ARCH = YES;
				SDKROOT = iphoneos;
				SWIFT_ACTIVE_COMPILATION_CONDITIONS = DEBUG;
				SWIFT_OPTIMIZATION_LEVEL = "-Onone";
			};
			name = Debug;
		};
		BE2010AD24EC990B00C0A00A /* Release */ = {
			isa = XCBuildConfiguration;
			buildSettings = {
				ALWAYS_SEARCH_USER_PATHS = NO;
				CLANG_ANALYZER_NONNULL = YES;
				CLANG_ANALYZER_NUMBER_OBJECT_CONVERSION = YES_AGGRESSIVE;
				CLANG_CXX_LANGUAGE_STANDARD = "gnu++14";
				CLANG_CXX_LIBRARY = "libc++";
				CLANG_ENABLE_MODULES = YES;
				CLANG_ENABLE_OBJC_ARC = YES;
				CLANG_ENABLE_OBJC_WEAK = YES;
				CLANG_WARN_BLOCK_CAPTURE_AUTORELEASING = YES;
				CLANG_WARN_BOOL_CONVERSION = YES;
				CLANG_WARN_COMMA = YES;
				CLANG_WARN_CONSTANT_CONVERSION = YES;
				CLANG_WARN_DEPRECATED_OBJC_IMPLEMENTATIONS = YES;
				CLANG_WARN_DIRECT_OBJC_ISA_USAGE = YES_ERROR;
				CLANG_WARN_DOCUMENTATION_COMMENTS = YES;
				CLANG_WARN_EMPTY_BODY = YES;
				CLANG_WARN_ENUM_CONVERSION = YES;
				CLANG_WARN_INFINITE_RECURSION = YES;
				CLANG_WARN_INT_CONVERSION = YES;
				CLANG_WARN_NON_LITERAL_NULL_CONVERSION = YES;
				CLANG_WARN_OBJC_IMPLICIT_RETAIN_SELF = YES;
				CLANG_WARN_OBJC_LITERAL_CONVERSION = YES;
				CLANG_WARN_OBJC_ROOT_CLASS = YES_ERROR;
				CLANG_WARN_RANGE_LOOP_ANALYSIS = YES;
				CLANG_WARN_STRICT_PROTOTYPES = YES;
				CLANG_WARN_SUSPICIOUS_MOVE = YES;
				CLANG_WARN_UNGUARDED_AVAILABILITY = YES_AGGRESSIVE;
				CLANG_WARN_UNREACHABLE_CODE = YES;
				CLANG_WARN__DUPLICATE_METHOD_MATCH = YES;
				COPY_PHASE_STRIP = NO;
				DEBUG_INFORMATION_FORMAT = "dwarf-with-dsym";
				ENABLE_NS_ASSERTIONS = NO;
				ENABLE_STRICT_OBJC_MSGSEND = YES;
				GCC_C_LANGUAGE_STANDARD = gnu11;
				GCC_NO_COMMON_BLOCKS = YES;
				GCC_WARN_64_TO_32_BIT_CONVERSION = YES;
				GCC_WARN_ABOUT_RETURN_TYPE = YES_ERROR;
				GCC_WARN_UNDECLARED_SELECTOR = YES;
				GCC_WARN_UNINITIALIZED_AUTOS = YES_AGGRESSIVE;
				GCC_WARN_UNUSED_FUNCTION = YES;
				GCC_WARN_UNUSED_VARIABLE = YES;
				IPHONEOS_DEPLOYMENT_TARGET = 13.6;
				MTL_ENABLE_DEBUG_INFO = NO;
				MTL_FAST_MATH = YES;
				SDKROOT = iphoneos;
				SWIFT_COMPILATION_MODE = wholemodule;
				SWIFT_OPTIMIZATION_LEVEL = "-O";
				VALIDATE_PRODUCT = YES;
			};
			name = Release;
		};
		BE2010AF24EC990B00C0A00A /* Debug */ = {
			isa = XCBuildConfiguration;
			buildSettings = {
				ASSETCATALOG_COMPILER_APPICON_NAME = AppIcon;
				CODE_SIGN_STYLE = Automatic;
				DEVELOPMENT_TEAM = 23WSBM7T82;
				INFOPLIST_FILE = GastADA/Info.plist;
				LD_RUNPATH_SEARCH_PATHS = (
					"$(inherited)",
					"@executable_path/Frameworks",
				);
				PRODUCT_BUNDLE_IDENTIFIER = jhfs.cin.ufpe.br.GastADA;
				PRODUCT_NAME = "$(TARGET_NAME)";
				SWIFT_VERSION = 5.0;
				TARGETED_DEVICE_FAMILY = "1,2";
			};
			name = Debug;
		};
		BE2010B024EC990B00C0A00A /* Release */ = {
			isa = XCBuildConfiguration;
			buildSettings = {
				ASSETCATALOG_COMPILER_APPICON_NAME = AppIcon;
				CODE_SIGN_STYLE = Automatic;
				DEVELOPMENT_TEAM = 23WSBM7T82;
				INFOPLIST_FILE = GastADA/Info.plist;
				LD_RUNPATH_SEARCH_PATHS = (
					"$(inherited)",
					"@executable_path/Frameworks",
				);
				PRODUCT_BUNDLE_IDENTIFIER = jhfs.cin.ufpe.br.GastADA;
				PRODUCT_NAME = "$(TARGET_NAME)";
				SWIFT_VERSION = 5.0;
				TARGETED_DEVICE_FAMILY = "1,2";
			};
			name = Release;
		};
/* End XCBuildConfiguration section */

/* Begin XCConfigurationList section */
		BE20109224EC990800C0A00A /* Build configuration list for PBXProject "GastADA" */ = {
			isa = XCConfigurationList;
			buildConfigurations = (
				BE2010AC24EC990B00C0A00A /* Debug */,
				BE2010AD24EC990B00C0A00A /* Release */,
			);
			defaultConfigurationIsVisible = 0;
			defaultConfigurationName = Release;
		};
		BE2010AE24EC990B00C0A00A /* Build configuration list for PBXNativeTarget "GastADA" */ = {
			isa = XCConfigurationList;
			buildConfigurations = (
				BE2010AF24EC990B00C0A00A /* Debug */,
				BE2010B024EC990B00C0A00A /* Release */,
			);
			defaultConfigurationIsVisible = 0;
			defaultConfigurationName = Release;
		};
/* End XCConfigurationList section */

/* Begin XCVersionGroup section */
		BE2010A324EC990800C0A00A /* GastADA.xcdatamodeld */ = {
			isa = XCVersionGroup;
			children = (
				BE2010A424EC990800C0A00A /* GastADA.xcdatamodel */,
			);
			currentVersion = BE2010A424EC990800C0A00A /* GastADA.xcdatamodel */;
			path = GastADA.xcdatamodeld;
			sourceTree = "<group>";
			versionGroupType = wrapper.xcdatamodel;
		};
/* End XCVersionGroup section */
	};
	rootObject = BE20108F24EC990800C0A00A /* Project object */;
}
